
Microsoft Visual Studio Solution File, Format Version 12.00
# Visual Studio Version 16
VisualStudioVersion = 16.0.30621.155
MinimumVisualStudioVersion = 10.0.40219.1
Project("{FAE04EC0-301F-11D3-BF4B-00C04F79EFBC}") = "Num_Methods_2", "Num_Methods_2\Num_Methods_2.csproj", "{E5770CEC-EE8D-40BB-8FCC-12D0183AE253}"
EndProject
Project("{FAE04EC0-301F-11D3-BF4B-00C04F79EFBC}") = "Num_Methods_3", "Num_Methods_3\Num_Methods_3.csproj", "{C20E39A9-5D2E-462B-A650-7CA6B3FE355B}"
EndProject
Project("{FAE04EC0-301F-11D3-BF4B-00C04F79EFBC}") = "Num_Methods_4", "Num_Methods_4\Num_Methods_4.csproj", "{101CB956-921E-4A91-8949-1EB59B3BA143}"
EndProject
Project("{FAE04EC0-301F-11D3-BF4B-00C04F79EFBC}") = "Num_Methods_5", "Num_Methods_5\Num_Methods_5.csproj", "{6D618A2C-1A7D-4FD3-92F9-008D56CD982B}"
EndProject
Project("{FAE04EC0-301F-11D3-BF4B-00C04F79EFBC}") = "Num_Methods_7", "Num_Methods_7\Num_Methods_7.csproj", "{490B4504-109A-4AB7-9809-69F7D45C12A2}"
EndProject
Project("{FAE04EC0-301F-11D3-BF4B-00C04F79EFBC}") = "Num_Mehods_6", "Num_Mehods_6\Num_Mehods_6.csproj", "{BF4519BD-3A2A-4080-886C-47C04C3F6FE3}"
EndProject
Global
	GlobalSection(SolutionConfigurationPlatforms) = preSolution
		Debug|Any CPU = Debug|Any CPU
		Release|Any CPU = Release|Any CPU
	EndGlobalSection
	GlobalSection(ProjectConfigurationPlatforms) = postSolution
		{E5770CEC-EE8D-40BB-8FCC-12D0183AE253}.Debug|Any CPU.ActiveCfg = Debug|Any CPU
		{E5770CEC-EE8D-40BB-8FCC-12D0183AE253}.Debug|Any CPU.Build.0 = Debug|Any CPU
		{E5770CEC-EE8D-40BB-8FCC-12D0183AE253}.Release|Any CPU.ActiveCfg = Release|Any CPU
		{E5770CEC-EE8D-40BB-8FCC-12D0183AE253}.Release|Any CPU.Build.0 = Release|Any CPU
		{C20E39A9-5D2E-462B-A650-7CA6B3FE355B}.Debug|Any CPU.ActiveCfg = Debug|Any CPU
		{C20E39A9-5D2E-462B-A650-7CA6B3FE355B}.Debug|Any CPU.Build.0 = Debug|Any CPU
		{C20E39A9-5D2E-462B-A650-7CA6B3FE355B}.Release|Any CPU.ActiveCfg = Release|Any CPU
		{C20E39A9-5D2E-462B-A650-7CA6B3FE355B}.Release|Any CPU.Build.0 = Release|Any CPU
		{101CB956-921E-4A91-8949-1EB59B3BA143}.Debug|Any CPU.ActiveCfg = Debug|Any CPU
		{101CB956-921E-4A91-8949-1EB59B3BA143}.Debug|Any CPU.Build.0 = Debug|Any CPU
		{101CB956-921E-4A91-8949-1EB59B3BA143}.Release|Any CPU.ActiveCfg = Release|Any CPU
		{101CB956-921E-4A91-8949-1EB59B3BA143}.Release|Any CPU.Build.0 = Release|Any CPU
		{6D618A2C-1A7D-4FD3-92F9-008D56CD982B}.Debug|Any CPU.ActiveCfg = Debug|Any CPU
		{6D618A2C-1A7D-4FD3-92F9-008D56CD982B}.Debug|Any CPU.Build.0 = Debug|Any CPU
		{6D618A2C-1A7D-4FD3-92F9-008D56CD982B}.Release|Any CPU.ActiveCfg = Release|Any CPU
		{6D618A2C-1A7D-4FD3-92F9-008D56CD982B}.Release|Any CPU.Build.0 = Release|Any CPU
		{490B4504-109A-4AB7-9809-69F7D45C12A2}.Debug|Any CPU.ActiveCfg = Debug|Any CPU
		{490B4504-109A-4AB7-9809-69F7D45C12A2}.Debug|Any CPU.Build.0 = Debug|Any CPU
		{490B4504-109A-4AB7-9809-69F7D45C12A2}.Release|Any CPU.ActiveCfg = Release|Any CPU
		{490B4504-109A-4AB7-9809-69F7D45C12A2}.Release|Any CPU.Build.0 = Release|Any CPU
		{BF4519BD-3A2A-4080-886C-47C04C3F6FE3}.Debug|Any CPU.ActiveCfg = Debug|Any CPU
		{BF4519BD-3A2A-4080-886C-47C04C3F6FE3}.Debug|Any CPU.Build.0 = Debug|Any CPU
		{BF4519BD-3A2A-4080-886C-47C04C3F6FE3}.Release|Any CPU.ActiveCfg = Release|Any CPU
		{BF4519BD-3A2A-4080-886C-47C04C3F6FE3}.Release|Any CPU.Build.0 = Release|Any CPU
	EndGlobalSection
	GlobalSection(SolutionProperties) = preSolution
		HideSolutionNode = FALSE
	EndGlobalSection
	GlobalSection(ExtensibilityGlobals) = postSolution
		SolutionGuid = {BFCC2D81-E3C6-42F1-B392-0AEB879E4006}
	EndGlobalSection
EndGlobal
